
Microsoft Visual Studio Solution File, Format Version 12.00
# Visual Studio Version 16
VisualStudioVersion = 16.0.31321.278
MinimumVisualStudioVersion = 10.0.40219.1
Project("{FAE04EC0-301F-11D3-BF4B-00C04F79EFBC}") = "AulaCriacaoDeClasses", "AulaCriacaoDeClasses.csproj", "{FDDC3CC0-5EC1-4B41-9EFA-FC508039C450}"
EndProject
Global
	GlobalSection(SolutionConfigurationPlatforms) = preSolution
		Debug|Any CPU = Debug|Any CPU
		Release|Any CPU = Release|Any CPU
	EndGlobalSection
	GlobalSection(ProjectConfigurationPlatforms) = postSolution
		{FDDC3CC0-5EC1-4B41-9EFA-FC508039C450}.Debug|Any CPU.ActiveCfg = Debug|Any CPU
		{FDDC3CC0-5EC1-4B41-9EFA-FC508039C450}.Debug|Any CPU.Build.0 = Debug|Any CPU
		{FDDC3CC0-5EC1-4B41-9EFA-FC508039C450}.Release|Any CPU.ActiveCfg = Release|Any CPU
		{FDDC3CC0-5EC1-4B41-9EFA-FC508039C450}.Release|Any CPU.Build.0 = Release|Any CPU
	EndGlobalSection
	GlobalSection(SolutionProperties) = preSolution
		HideSolutionNode = FALSE
	EndGlobalSection
	GlobalSection(ExtensibilityGlobals) = postSolution
		SolutionGuid = {FA723552-5C97-4DD8-A9CA-A807EB9483DA}
	EndGlobalSection
EndGlobal
