
Microsoft Visual Studio Solution File, Format Version 12.00
# Visual Studio Version 16
VisualStudioVersion = 16.0.31321.278
MinimumVisualStudioVersion = 10.0.40219.1
Project("{FAE04EC0-301F-11D3-BF4B-00C04F79EFBC}") = "Exercicios_estruturas_condicionais", "Exercicios_estruturas_condicionais\Exercicios_estruturas_condicionais.csproj", "{59B83700-3B51-43A3-BD19-795126981E0D}"
EndProject
Global
	GlobalSection(SolutionConfigurationPlatforms) = preSolution
		Debug|Any CPU = Debug|Any CPU
		Release|Any CPU = Release|Any CPU
	EndGlobalSection
	GlobalSection(ProjectConfigurationPlatforms) = postSolution
		{59B83700-3B51-43A3-BD19-795126981E0D}.Debug|Any CPU.ActiveCfg = Debug|Any CPU
		{59B83700-3B51-43A3-BD19-795126981E0D}.Debug|Any CPU.Build.0 = Debug|Any CPU
		{59B83700-3B51-43A3-BD19-795126981E0D}.Release|Any CPU.ActiveCfg = Release|Any CPU
		{59B83700-3B51-43A3-BD19-795126981E0D}.Release|Any CPU.Build.0 = Release|Any CPU
	EndGlobalSection
	GlobalSection(SolutionProperties) = preSolution
		HideSolutionNode = FALSE
	EndGlobalSection
	GlobalSection(ExtensibilityGlobals) = postSolution
		SolutionGuid = {B5760E56-D425-45B4-9B04-8054B7EE3F91}
	EndGlobalSection
EndGlobal
